
Microsoft Visual Studio Solution File, Format Version 12.00
# Visual Studio 15
VisualStudioVersion = 15.0.28307.106
MinimumVisualStudioVersion = 10.0.40219.1
Project("{FAE04EC0-301F-11D3-BF4B-00C04F79EFBC}") = "Swapi", "Swapi\Swapi.csproj", "{DBA8B50C-3391-4674-9BBE-A1733FCF9F6A}"
EndProject
Project("{FAE04EC0-301F-11D3-BF4B-00C04F79EFBC}") = "Swapi.Tests.Unit", "Swapi.Tests.Unit\Swapi.Tests.Unit.csproj", "{62F47B18-578C-410E-8C67-5DCC904D1061}"
EndProject
Global
	GlobalSection(SolutionConfigurationPlatforms) = preSolution
		Debug|Any CPU = Debug|Any CPU
		Release|Any CPU = Release|Any CPU
	EndGlobalSection
	GlobalSection(ProjectConfigurationPlatforms) = postSolution
		{DBA8B50C-3391-4674-9BBE-A1733FCF9F6A}.Debug|Any CPU.ActiveCfg = Debug|Any CPU
		{DBA8B50C-3391-4674-9BBE-A1733FCF9F6A}.Debug|Any CPU.Build.0 = Debug|Any CPU
		{DBA8B50C-3391-4674-9BBE-A1733FCF9F6A}.Release|Any CPU.ActiveCfg = Release|Any CPU
		{DBA8B50C-3391-4674-9BBE-A1733FCF9F6A}.Release|Any CPU.Build.0 = Release|Any CPU
		{62F47B18-578C-410E-8C67-5DCC904D1061}.Debug|Any CPU.ActiveCfg = Debug|Any CPU
		{62F47B18-578C-410E-8C67-5DCC904D1061}.Debug|Any CPU.Build.0 = Debug|Any CPU
		{62F47B18-578C-410E-8C67-5DCC904D1061}.Release|Any CPU.ActiveCfg = Release|Any CPU
		{62F47B18-578C-410E-8C67-5DCC904D1061}.Release|Any CPU.Build.0 = Release|Any CPU
	EndGlobalSection
	GlobalSection(SolutionProperties) = preSolution
		HideSolutionNode = FALSE
	EndGlobalSection
	GlobalSection(ExtensibilityGlobals) = postSolution
		SolutionGuid = {C0AEE52B-7F9C-4FA0-82F1-F425E5446933}
	EndGlobalSection
EndGlobal
